{
    "version": 3,
    "terraform_version": "0.11.14",
    "serial": 106,
    "lineage": "797d3871-fe13-063c-a7f6-ca75be2bca87",
    "modules": [
        {
            "path": [
                "root"
            ],
            "outputs": {},
            "resources": {
                "aws_autoscaling_attachment.asg_attachment_bar": {
                    "type": "aws_autoscaling_attachment",
                    "depends_on": [
                        "aws_autoscaling_group.asg",
                        "aws_elb.load"
                    ],
                    "primary": {
                        "id": "tf-asg-20201203015845852700000003-20201203015924044800000004",
                        "attributes": {
                            "autoscaling_group_name": "tf-asg-20201203015845852700000003",
                            "elb": "load",
                            "id": "tf-asg-20201203015845852700000003-20201203015924044800000004"
                        },
                        "meta": {},
                        "tainted": false
                    },
                    "deposed": [],
                    "provider": "provider.aws"
                },
                "aws_autoscaling_group.asg": {
                    "type": "aws_autoscaling_group",
                    "depends_on": [
                        "aws_launch_template.launch"
                    ],
                    "primary": {
                        "id": "tf-asg-20201203015845852700000003",
                        "attributes": {
                            "arn": "arn:aws:autoscaling:us-east-1:467546715307:autoScalingGroup:7dc08340-a165-40b8-a0b5-51659ff63ba1:autoScalingGroupName/tf-asg-20201203015845852700000003",
                            "availability_zones.#": "3",
                            "availability_zones.1305112097": "us-east-1b",
                            "availability_zones.3569565595": "us-east-1a",
                            "availability_zones.986537655": "us-east-1c",
                            "default_cooldown": "300",
                            "desired_capacity": "1",
                            "enabled_metrics.#": "0",
                            "force_delete": "false",
                            "health_check_grace_period": "300",
                            "health_check_type": "EC2",
                            "id": "tf-asg-20201203015845852700000003",
                            "launch_configuration": "",
                            "launch_template.#": "0",
                            "load_balancers.#": "0",
                            "max_instance_lifetime": "0",
                            "max_size": "5",
                            "metrics_granularity": "1Minute",
                            "min_size": "1",
                            "mixed_instances_policy.#": "1",
                            "mixed_instances_policy.0.instances_distribution.#": "1",
                            "mixed_instances_policy.0.instances_distribution.0.on_demand_allocation_strategy": "prioritized",
                            "mixed_instances_policy.0.instances_distribution.0.on_demand_base_capacity": "0",
                            "mixed_instances_policy.0.instances_distribution.0.on_demand_percentage_above_base_capacity": "100",
                            "mixed_instances_policy.0.instances_distribution.0.spot_allocation_strategy": "lowest-price",
                            "mixed_instances_policy.0.instances_distribution.0.spot_instance_pools": "2",
                            "mixed_instances_policy.0.instances_distribution.0.spot_max_price": "",
                            "mixed_instances_policy.0.launch_template.#": "1",
                            "mixed_instances_policy.0.launch_template.0.launch_template_specification.#": "1",
                            "mixed_instances_policy.0.launch_template.0.launch_template_specification.0.launch_template_id": "lt-098313f7b6d6e6499",
                            "mixed_instances_policy.0.launch_template.0.launch_template_specification.0.launch_template_name": "launch20201203015845599200000001",
                            "mixed_instances_policy.0.launch_template.0.launch_template_specification.0.version": "$Default",
                            "mixed_instances_policy.0.launch_template.0.override.#": "2",
                            "mixed_instances_policy.0.launch_template.0.override.0.instance_type": "t2.micro",
                            "mixed_instances_policy.0.launch_template.0.override.0.weighted_capacity": "3",
                            "mixed_instances_policy.0.launch_template.0.override.1.instance_type": "t3.micro",
                            "mixed_instances_policy.0.launch_template.0.override.1.weighted_capacity": "2",
                            "name": "tf-asg-20201203015845852700000003",
                            "placement_group": "",
                            "protect_from_scale_in": "false",
                            "service_linked_role_arn": "arn:aws:iam::467546715307:role/aws-service-role/autoscaling.amazonaws.com/AWSServiceRoleForAutoScaling",
                            "suspended_processes.#": "0",
                            "tag.#": "0",
                            "target_group_arns.#": "0",
                            "termination_policies.#": "0",
                            "vpc_zone_identifier.#": "0",
                            "wait_for_capacity_timeout": "10m"
                        },
                        "meta": {
                            "e2bfb730-ecaa-11e6-8f88-34363bc7c4c0": {
                                "delete": 600000000000
                            }
                        },
                        "tainted": false
                    },
                    "deposed": [],
                    "provider": "provider.aws"
                },
                "aws_elb.load": {
                    "type": "aws_elb",
                    "depends_on": [],
                    "primary": {
                        "id": "load",
                        "attributes": {
                            "access_logs.#": "0",
                            "arn": "arn:aws:elasticloadbalancing:us-east-1:467546715307:loadbalancer/load",
                            "availability_zones.#": "1",
                            "availability_zones.3569565595": "us-east-1a",
                            "connection_draining": "true",
                            "connection_draining_timeout": "20",
                            "cross_zone_load_balancing": "true",
                            "dns_name": "load-870439495.us-east-1.elb.amazonaws.com",
                            "health_check.#": "1",
                            "health_check.0.healthy_threshold": "2",
                            "health_check.0.interval": "30",
                            "health_check.0.target": "tcp:80",
                            "health_check.0.timeout": "3",
                            "health_check.0.unhealthy_threshold": "2",
                            "id": "load",
                            "idle_timeout": "20",
                            "instances.#": "0",
                            "internal": "false",
                            "listener.#": "1",
                            "listener.2974294026.instance_port": "80",
                            "listener.2974294026.instance_protocol": "tcp",
                            "listener.2974294026.lb_port": "80",
                            "listener.2974294026.lb_protocol": "tcp",
                            "listener.2974294026.ssl_certificate_id": "",
                            "name": "load",
                            "security_groups.#": "1",
                            "security_groups.1927290036": "sg-091c850d7b8103fe7",
                            "source_security_group": "467546715307/default_elb_1e5e4d9f-3459-3635-a37b-6c16bb64ed7e",
                            "source_security_group_id": "sg-091c850d7b8103fe7",
                            "subnets.#": "1",
                            "subnets.694694533": "subnet-51a1c51c",
                            "tags.%": "1",
                            "tags.Name": "foobar-terraform-elb",
                            "zone_id": "Z35SXDOTRQ7X7K"
                        },
                        "meta": {},
                        "tainted": false
                    },
                    "deposed": [],
                    "provider": "provider.aws"
                },
                "aws_key_pair.key": {
                    "type": "aws_key_pair",
                    "depends_on": [],
                    "primary": {
                        "id": "key",
                        "attributes": {
                            "arn": "arn:aws:ec2:us-east-1:467546715307:key-pair/key",
                            "fingerprint": "0d:d4:2e:96:86:19:a0:96:9e:14:65:fb:05:fc:55:20",
                            "id": "key",
                            "key_name": "key",
                            "key_pair_id": "key-0ba697c12f8d9c050",
                            "public_key": "ssh-rsa AAAAB3NzaC1yc2EAAAADAQABAAABAQDOYM713D5KFwQwWBtLxNviJrSZk6cABoWPgyxBsB6p68Bn4FspaUXviaeqU4VLDKsqQ4oA9wk0sl9RPeghtQvQ/D9xcI5xUs+HyWbKMYPO2f5q7cCnTIDDZUMHDAk1pHx3mbbR8QtlEdP8QBUCz8sDmyRncfsg31z7vyMxDxqDmkJWTeKvtmUePiAkPXORIsb6bAEXWGBSZvr3J5uIVV5N0EvDF8ZYhF7mZKqr4uCAfKMq9cyBa6ZwIjypUQcbXWt22BwVuBg/X9SWud/P+804Vg78rW80QOWP97CycyDZytL2Gq1tnREUgVSRiRJrLLE5c/Jhufrv90Q6pLOlcRrz centos@ip-172-31-86-84.ec2.internal",
                            "tags.%": "0"
                        },
                        "meta": {
                            "schema_version": "1"
                        },
                        "tainted": false
                    },
                    "deposed": [],
                    "provider": "provider.aws"
                },
                "aws_launch_template.launch": {
                    "type": "aws_launch_template",
                    "depends_on": [
                        "aws_key_pair.key",
                        "aws_security_group.security",
                        "data.aws_ami.centos",
                        "data.template_file.init"
                    ],
                    "primary": {
                        "id": "lt-098313f7b6d6e6499",
                        "attributes": {
                            "arn": "arn:aws:ec2:us-east-1:467546715307:launch-template/lt-098313f7b6d6e6499",
                            "block_device_mappings.#": "0",
                            "capacity_reservation_specification.#": "0",
                            "cpu_options.#": "0",
                            "credit_specification.#": "0",
                            "default_version": "1",
                            "description": "",
                            "disable_api_termination": "false",
                            "ebs_optimized": "",
                            "elastic_gpu_specifications.#": "0",
                            "elastic_inference_accelerator.#": "0",
                            "hibernation_options.#": "0",
                            "iam_instance_profile.#": "0",
                            "id": "lt-098313f7b6d6e6499",
                            "image_id": "ami-0affd4508a5d2481b",
                            "instance_initiated_shutdown_behavior": "",
                            "instance_market_options.#": "0",
                            "instance_type": "t2.micro",
                            "kernel_id": "",
                            "key_name": "key",
                            "latest_version": "1",
                            "license_specification.#": "0",
                            "metadata_options.#": "0",
                            "monitoring.#": "0",
                            "name": "launch20201203015845599200000001",
                            "name_prefix": "launch",
                            "network_interfaces.#": "0",
                            "placement.#": "0",
                            "ram_disk_id": "",
                            "security_group_names.#": "0",
                            "tag_specifications.#": "0",
                            "tags.%": "0",
                            "user_data": "IyEvYmluL2Jhc2gKc3VkbyB5dW0gaW5zdGFsbCBodHRwOi8vcnBtcy5yZW1pcmVwby5uZXQvZW50ZXJwcmlzZS9yZW1pLXJlbGVhc2UtNy5ycG0gLXkKc3VkbyB5dW0tY29uZmlnLW1hbmFnZXIgLS1lbmFibGUgcmVtaS1waHA3MgpzdWRvIHl1bSBpbnN0YWxsIGh0dHBkIHdnZXQgbXlzcWwgcGhwIHBocC1teXNxbCB1bnppcCAteQpzdWRvIHN5c3RlbWN0bCBzdGFydCBodHRwZApzdWRvIHN5c3RlbWN0bCBlbmFibGUgaHR0cGQKc3VkbyB3Z2V0IGh0dHBzOi8vd29yZHByZXNzLm9yZy9sYXRlc3QuemlwCnN1ZG8gdW56aXAgbGF0ZXN0LnppcApzdWRvIHJzeW5jIC1hIHdvcmRwcmVzcy8gL3Zhci93d3cvaHRtbApzdWRvIHJtIC1yZiBsYXRlc3QuemlwKiB3b3JkcHJlc3MKc3VkbyBjaG93biAtUiBhcGFjaGU6YXBhY2hlIC92YXIvd3d3L2h0bWwKc3VkbyBzZXRlbmZvcmNlIDAKc3VkbyBzZWQgcy9TRUxJTlVYPWVuZm9yY2luZy9TRUxJTlVYPWRpc2FibGVkL2cgIC9ldGMvc3lzY29uZmlnL3NlbGludXggLWkKc3VkbyBzeXN0ZW1jdGwgcmVzdGFydCBodHRwZA==",
                            "vpc_security_group_ids.#": "1",
                            "vpc_security_group_ids.4060720472": "sg-0af7eea2b53384d82"
                        },
                        "meta": {},
                        "tainted": false
                    },
                    "deposed": [],
                    "provider": "provider.aws"
                },
                "aws_security_group.security": {
                    "type": "aws_security_group",
                    "depends_on": [],
                    "primary": {
                        "id": "sg-0af7eea2b53384d82",
                        "attributes": {
                            "arn": "arn:aws:ec2:us-east-1:467546715307:security-group/sg-0af7eea2b53384d82",
                            "description": "Allow TLS inbound traffic",
                            "egress.#": "1",
                            "egress.482069346.cidr_blocks.#": "1",
                            "egress.482069346.cidr_blocks.0": "0.0.0.0/0",
                            "egress.482069346.description": "",
                            "egress.482069346.from_port": "0",
                            "egress.482069346.ipv6_cidr_blocks.#": "0",
                            "egress.482069346.prefix_list_ids.#": "0",
                            "egress.482069346.protocol": "-1",
                            "egress.482069346.security_groups.#": "0",
                            "egress.482069346.self": "false",
                            "egress.482069346.to_port": "0",
                            "id": "sg-0af7eea2b53384d82",
                            "ingress.#": "2",
                            "ingress.2156912855.cidr_blocks.#": "1",
                            "ingress.2156912855.cidr_blocks.0": "0.0.0.0/0",
                            "ingress.2156912855.description": "TLS from VPC",
                            "ingress.2156912855.from_port": "80",
                            "ingress.2156912855.ipv6_cidr_blocks.#": "0",
                            "ingress.2156912855.prefix_list_ids.#": "0",
                            "ingress.2156912855.protocol": "tcp",
                            "ingress.2156912855.security_groups.#": "0",
                            "ingress.2156912855.self": "false",
                            "ingress.2156912855.to_port": "80",
                            "ingress.22768159.cidr_blocks.#": "1",
                            "ingress.22768159.cidr_blocks.0": "0.0.0.0/0",
                            "ingress.22768159.description": "TLS from VPC",
                            "ingress.22768159.from_port": "22",
                            "ingress.22768159.ipv6_cidr_blocks.#": "0",
                            "ingress.22768159.prefix_list_ids.#": "0",
                            "ingress.22768159.protocol": "tcp",
                            "ingress.22768159.security_groups.#": "0",
                            "ingress.22768159.self": "false",
                            "ingress.22768159.to_port": "22",
                            "name": "allow_tls",
                            "owner_id": "467546715307",
                            "revoke_rules_on_delete": "false",
                            "tags.%": "0",
                            "vpc_id": "vpc-9f5dbce2"
                        },
                        "meta": {
                            "e2bfb730-ecaa-11e6-8f88-34363bc7c4c0": {
                                "create": 600000000000,
                                "delete": 600000000000
                            },
                            "schema_version": "1"
                        },
                        "tainted": false
                    },
                    "deposed": [],
                    "provider": "provider.aws"
                },
                "data.aws_ami.centos": {
                    "type": "aws_ami",
                    "depends_on": [],
                    "primary": {
                        "id": "ami-0affd4508a5d2481b",
                        "attributes": {
                            "architecture": "x86_64",
                            "arn": "arn:aws:ec2:us-east-1::image/ami-0affd4508a5d2481b",
                            "block_device_mappings.#": "1",
                            "block_device_mappings.1270490221.device_name": "/dev/sda1",
                            "block_device_mappings.1270490221.ebs.%": "6",
                            "block_device_mappings.1270490221.ebs.delete_on_termination": "false",
                            "block_device_mappings.1270490221.ebs.encrypted": "false",
                            "block_device_mappings.1270490221.ebs.iops": "0",
                            "block_device_mappings.1270490221.ebs.snapshot_id": "snap-0cb4f5ff601f70d3c",
                            "block_device_mappings.1270490221.ebs.volume_size": "8",
                            "block_device_mappings.1270490221.ebs.volume_type": "gp2",
                            "block_device_mappings.1270490221.no_device": "",
                            "block_device_mappings.1270490221.virtual_name": "",
                            "creation_date": "2020-03-09T21:49:28.000Z",
                            "description": "CentOS Linux 7 x86_64 HVM EBS ENA 2002_01",
                            "filter.#": "2",
                            "filter.1353251163.name": "state",
                            "filter.1353251163.values.#": "1",
                            "filter.1353251163.values.0": "available",
                            "filter.3159887878.name": "name",
                            "filter.3159887878.values.#": "1",
                            "filter.3159887878.values.0": "CentOS Linux 7 x86_64 HVM EBS *",
                            "hypervisor": "xen",
                            "id": "ami-0affd4508a5d2481b",
                            "image_id": "ami-0affd4508a5d2481b",
                            "image_location": "aws-marketplace/CentOS Linux 7 x86_64 HVM EBS ENA 2002_01-b7ee8a69-ee97-4a49-9e68-afaee216db2e-ami-0042af67f8e4dcc20.4",
                            "image_owner_alias": "aws-marketplace",
                            "image_type": "machine",
                            "most_recent": "true",
                            "name": "CentOS Linux 7 x86_64 HVM EBS ENA 2002_01-b7ee8a69-ee97-4a49-9e68-afaee216db2e-ami-0042af67f8e4dcc20.4",
                            "owner_id": "679593333241",
                            "owners.#": "1",
                            "owners.0": "679593333241",
                            "product_codes.#": "1",
                            "product_codes.347650389.product_code_id": "aw0evgkw8e5c1q413zgy5pjce",
                            "product_codes.347650389.product_code_type": "marketplace",
                            "public": "true",
                            "root_device_name": "/dev/sda1",
                            "root_device_type": "ebs",
                            "root_snapshot_id": "snap-0cb4f5ff601f70d3c",
                            "sriov_net_support": "simple",
                            "state": "available",
                            "state_reason.%": "2",
                            "state_reason.code": "UNSET",
                            "state_reason.message": "UNSET",
                            "tags.%": "0",
                            "virtualization_type": "hvm"
                        },
                        "meta": {},
                        "tainted": false
                    },
                    "deposed": [],
                    "provider": "provider.aws"
                },
                "data.aws_availability_zones.available": {
                    "type": "aws_availability_zones",
                    "depends_on": [],
                    "primary": {
                        "id": "2020-12-03 01:58:42.433669889 +0000 UTC",
                        "attributes": {
                            "group_names.#": "1",
                            "group_names.1602062193": "us-east-1",
                            "id": "2020-12-03 01:58:42.433669889 +0000 UTC",
                            "names.#": "6",
                            "names.0": "us-east-1a",
                            "names.1": "us-east-1b",
                            "names.2": "us-east-1c",
                            "names.3": "us-east-1d",
                            "names.4": "us-east-1e",
                            "names.5": "us-east-1f",
                            "state": "available",
                            "zone_ids.#": "6",
                            "zone_ids.0": "use1-az4",
                            "zone_ids.1": "use1-az6",
                            "zone_ids.2": "use1-az1",
                            "zone_ids.3": "use1-az2",
                            "zone_ids.4": "use1-az3",
                            "zone_ids.5": "use1-az5"
                        },
                        "meta": {},
                        "tainted": false
                    },
                    "deposed": [],
                    "provider": "provider.aws"
                },
                "data.template_file.init": {
                    "type": "template_file",
                    "depends_on": [],
                    "primary": {
                        "id": "608ea652b44827541e993cd93fab40a379f5dbe1d232d423e57c7d7c621fb752",
                        "attributes": {
                            "id": "608ea652b44827541e993cd93fab40a379f5dbe1d232d423e57c7d7c621fb752",
                            "rendered": "#!/bin/bash\nsudo yum install http://rpms.remirepo.net/enterprise/remi-release-7.rpm -y\nsudo yum-config-manager --enable remi-php72\nsudo yum install httpd wget mysql php php-mysql unzip -y\nsudo systemctl start httpd\nsudo systemctl enable httpd\nsudo wget https://wordpress.org/latest.zip\nsudo unzip latest.zip\nsudo rsync -a wordpress/ /var/www/html\nsudo rm -rf latest.zip* wordpress\nsudo chown -R apache:apache /var/www/html\nsudo setenforce 0\nsudo sed s/SELINUX=enforcing/SELINUX=disabled/g  /etc/sysconfig/selinux -i\nsudo systemctl restart httpd",
                            "template": "#!/bin/bash\nsudo yum install http://rpms.remirepo.net/enterprise/remi-release-7.rpm -y\nsudo yum-config-manager --enable remi-php72\nsudo yum install httpd wget mysql php php-mysql unzip -y\nsudo systemctl start httpd\nsudo systemctl enable httpd\nsudo wget https://wordpress.org/latest.zip\nsudo unzip latest.zip\nsudo rsync -a wordpress/ /var/www/html\nsudo rm -rf latest.zip* wordpress\nsudo chown -R apache:apache /var/www/html\nsudo setenforce 0\nsudo sed s/SELINUX=enforcing/SELINUX=disabled/g  /etc/sysconfig/selinux -i\nsudo systemctl restart httpd"
                        },
                        "meta": {},
                        "tainted": false
                    },
                    "deposed": [],
                    "provider": "provider.template"
                }
            },
            "depends_on": []
        }
    ]
}
